
Microsoft Visual Studio Solution File, Format Version 12.00
# Visual Studio 15
VisualStudioVersion = 15.0.28307.489
MinimumVisualStudioVersion = 10.0.40219.1
Project("{FAE04EC0-301F-11D3-BF4B-00C04F79EFBC}") = "parsing", "parsing\parsing.csproj", "{BC77957D-8CDD-4691-8D04-1A098215BE4A}"
EndProject
Global
	GlobalSection(SolutionConfigurationPlatforms) = preSolution
		Debug|Any CPU = Debug|Any CPU
		Release|Any CPU = Release|Any CPU
	EndGlobalSection
	GlobalSection(ProjectConfigurationPlatforms) = postSolution
		{BC77957D-8CDD-4691-8D04-1A098215BE4A}.Debug|Any CPU.ActiveCfg = Debug|Any CPU
		{BC77957D-8CDD-4691-8D04-1A098215BE4A}.Debug|Any CPU.Build.0 = Debug|Any CPU
		{BC77957D-8CDD-4691-8D04-1A098215BE4A}.Release|Any CPU.ActiveCfg = Release|Any CPU
		{BC77957D-8CDD-4691-8D04-1A098215BE4A}.Release|Any CPU.Build.0 = Release|Any CPU
	EndGlobalSection
	GlobalSection(SolutionProperties) = preSolution
		HideSolutionNode = FALSE
	EndGlobalSection
	GlobalSection(ExtensibilityGlobals) = postSolution
		SolutionGuid = {B7DA7DC4-FB1D-435A-B83D-7A349A593DA9}
	EndGlobalSection
EndGlobal
